// !$*UTF8*$!
{
	archiveVersion = 1;
	classes = {
	};
	objectVersion = 56;
	objects = {

/* Begin PBXBuildFile section */
		970C758328EC3AF200598ACD /* AppDelegate.m in Sources */ = {isa = PBXBuildFile; fileRef = 970C758228EC3AF200598ACD /* AppDelegate.m */; };
		970C758628EC3AF200598ACD /* SceneDelegate.m in Sources */ = {isa = PBXBuildFile; fileRef = 970C758528EC3AF200598ACD /* SceneDelegate.m */; };
		970C758928EC3AF200598ACD /* ViewController.m in Sources */ = {isa = PBXBuildFile; fileRef = 970C758828EC3AF200598ACD /* ViewController.m */; };
		970C758C28EC3AF200598ACD /* Main.storyboard in Resources */ = {isa = PBXBuildFile; fileRef = 970C758A28EC3AF200598ACD /* Main.storyboard */; };
		970C758E28EC3AF300598ACD /* Assets.xcassets in Resources */ = {isa = PBXBuildFile; fileRef = 970C758D28EC3AF300598ACD /* Assets.xcassets */; };
		970C759128EC3AF300598ACD /* LaunchScreen.storyboard in Resources */ = {isa = PBXBuildFile; fileRef = 970C758F28EC3AF300598ACD /* LaunchScreen.storyboard */; };
		970C759428EC3AF300598ACD /* main.m in Sources */ = {isa = PBXBuildFile; fileRef = 970C759328EC3AF300598ACD /* main.m */; };
		970C759C28EC3B1800598ACD /* Stripe in Frameworks */ = {isa = PBXBuildFile; productRef = 970C759B28EC3B1800598ACD /* Stripe */; };
		970C75A428EC3CA100598ACD /* File.swift in Sources */ = {isa = PBXBuildFile; fileRef = 970C75A328EC3CA100598ACD /* File.swift */; };
/* End PBXBuildFile section */

/* Begin PBXFileReference section */
		970C757E28EC3AF200598ACD /* StripeTest.app */ = {isa = PBXFileReference; explicitFileType = wrapper.application; includeInIndex = 0; path = StripeTest.app; sourceTree = BUILT_PRODUCTS_DIR; };
		970C758128EC3AF200598ACD /* AppDelegate.h */ = {isa = PBXFileReference; lastKnownFileType = sourcecode.c.h; path = AppDelegate.h; sourceTree = "<group>"; };
		970C758228EC3AF200598ACD /* AppDelegate.m */ = {isa = PBXFileReference; lastKnownFileType = sourcecode.c.objc; path = AppDelegate.m; sourceTree = "<group>"; };
		970C758428EC3AF200598ACD /* SceneDelegate.h */ = {isa = PBXFileReference; lastKnownFileType = sourcecode.c.h; path = SceneDelegate.h; sourceTree = "<group>"; };
		970C758528EC3AF200598ACD /* SceneDelegate.m */ = {isa = PBXFileReference; lastKnownFileType = sourcecode.c.objc; path = SceneDelegate.m; sourceTree = "<group>"; };
		970C758728EC3AF200598ACD /* ViewController.h */ = {isa = PBXFileReference; lastKnownFileType = sourcecode.c.h; path = ViewController.h; sourceTree = "<group>"; };
		970C758828EC3AF200598ACD /* ViewController.m */ = {isa = PBXFileReference; lastKnownFileType = sourcecode.c.objc; path = ViewController.m; sourceTree = "<group>"; };
		970C758B28EC3AF200598ACD /* Base */ = {isa = PBXFileReference; lastKnownFileType = file.storyboard; name = Base; path = Base.lproj/Main.storyboard; sourceTree = "<group>"; };
		970C758D28EC3AF300598ACD /* Assets.xcassets */ = {isa = PBXFileReference; lastKnownFileType = folder.assetcatalog; path = Assets.xcassets; sourceTree = "<group>"; };
		970C759028EC3AF300598ACD /* Base */ = {isa = PBXFileReference; lastKnownFileType = file.storyboard; name = Base; path = Base.lproj/LaunchScreen.storyboard; sourceTree = "<group>"; };
		970C759228EC3AF300598ACD /* Info.plist */ = {isa = PBXFileReference; lastKnownFileType = text.plist.xml; path = Info.plist; sourceTree = "<group>"; };
		970C759328EC3AF300598ACD /* main.m */ = {isa = PBXFileReference; lastKnownFileType = sourcecode.c.objc; path = main.m; sourceTree = "<group>"; };
		970C75A228EC3CA100598ACD /* StripeTest-Bridging-Header.h */ = {isa = PBXFileReference; lastKnownFileType = sourcecode.c.h; path = "StripeTest-Bridging-Header.h"; sourceTree = "<group>"; };
		970C75A328EC3CA100598ACD /* File.swift */ = {isa = PBXFileReference; lastKnownFileType = sourcecode.swift; path = File.swift; sourceTree = "<group>"; };
/* End PBXFileReference section */

/* Begin PBXFrameworksBuildPhase section */
		970C757B28EC3AF200598ACD /* Frameworks */ = {
			isa = PBXFrameworksBuildPhase;
			buildActionMask = 2147483647;
			files = (
				970C759C28EC3B1800598ACD /* Stripe in Frameworks */,
			);
			runOnlyForDeploymentPostprocessing = 0;
		};
/* End PBXFrameworksBuildPhase section */

/* Begin PBXGroup section */
		970C757528EC3AF200598ACD = {
			isa = PBXGroup;
			children = (
				970C758028EC3AF200598ACD /* StripeTest */,
				970C757F28EC3AF200598ACD /* Products */,
			);
			sourceTree = "<group>";
		};
		970C757F28EC3AF200598ACD /* Products */ = {
			isa = PBXGroup;
			children = (
				970C757E28EC3AF200598ACD /* StripeTest.app */,
			);
			name = Products;
			sourceTree = "<group>";
		};
		970C758028EC3AF200598ACD /* StripeTest */ = {
			isa = PBXGroup;
			children = (
				970C758128EC3AF200598ACD /* AppDelegate.h */,
				970C758228EC3AF200598ACD /* AppDelegate.m */,
				970C758428EC3AF200598ACD /* SceneDelegate.h */,
				970C758528EC3AF200598ACD /* SceneDelegate.m */,
				970C758728EC3AF200598ACD /* ViewController.h */,
				970C75A328EC3CA100598ACD /* File.swift */,
				970C758828EC3AF200598ACD /* ViewController.m */,
				970C758A28EC3AF200598ACD /* Main.storyboard */,
				970C758D28EC3AF300598ACD /* Assets.xcassets */,
				970C758F28EC3AF300598ACD /* LaunchScreen.storyboard */,
				970C759228EC3AF300598ACD /* Info.plist */,
				970C759328EC3AF300598ACD /* main.m */,
				970C75A228EC3CA100598ACD /* StripeTest-Bridging-Header.h */,
			);
			path = StripeTest;
			sourceTree = "<group>";
		};
/* End PBXGroup section */

/* Begin PBXNativeTarget section */
		970C757D28EC3AF200598ACD /* StripeTest */ = {
			isa = PBXNativeTarget;
			buildConfigurationList = 970C759728EC3AF300598ACD /* Build configuration list for PBXNativeTarget "StripeTest" */;
			buildPhases = (
				970C757A28EC3AF200598ACD /* Sources */,
				970C757B28EC3AF200598ACD /* Frameworks */,
				970C757C28EC3AF200598ACD /* Resources */,
			);
			buildRules = (
			);
			dependencies = (
			);
			name = StripeTest;
			packageProductDependencies = (
				970C759B28EC3B1800598ACD /* Stripe */,
			);
			productName = StripeTest;
			productReference = 970C757E28EC3AF200598ACD /* StripeTest.app */;
			productType = "com.apple.product-type.application";
		};
/* End PBXNativeTarget section */

/* Begin PBXProject section */
		970C757628EC3AF200598ACD /* Project object */ = {
			isa = PBXProject;
			attributes = {
				BuildIndependentTargetsInParallel = 1;
				LastUpgradeCheck = 1400;
				TargetAttributes = {
					970C757D28EC3AF200598ACD = {
						CreatedOnToolsVersion = 14.0;
						LastSwiftMigration = 1400;
					};
				};
			};
			buildConfigurationList = 970C757928EC3AF200598ACD /* Build configuration list for PBXProject "StripeTest" */;
			compatibilityVersion = "Xcode 14.0";
			developmentRegion = en;
			hasScannedForEncodings = 0;
			knownRegions = (
				en,
				Base,
			);
			mainGroup = 970C757528EC3AF200598ACD;
			packageReferences = (
				970C759A28EC3B1800598ACD /* XCRemoteSwiftPackageReference "stripe-ios" */,
			);
			productRefGroup = 970C757F28EC3AF200598ACD /* Products */;
			projectDirPath = "";
			projectRoot = "";
			targets = (
				970C757D28EC3AF200598ACD /* StripeTest */,
			);
		};
/* End PBXProject section */

/* Begin PBXResourcesBuildPhase section */
		970C757C28EC3AF200598ACD /* Resources */ = {
			isa = PBXResourcesBuildPhase;
			buildActionMask = 2147483647;
			files = (
				970C759128EC3AF300598ACD /* LaunchScreen.storyboard in Resources */,
				970C758E28EC3AF300598ACD /* Assets.xcassets in Resources */,
				970C758C28EC3AF200598ACD /* Main.storyboard in Resources */,
			);
			runOnlyForDeploymentPostprocessing = 0;
		};
/* End PBXResourcesBuildPhase section */

/* Begin PBXSourcesBuildPhase section */
		970C757A28EC3AF200598ACD /* Sources */ = {
			isa = PBXSourcesBuildPhase;
			buildActionMask = 2147483647;
			files = (
				970C75A428EC3CA100598ACD /* File.swift in Sources */,
				970C758928EC3AF200598ACD /* ViewController.m in Sources */,
				970C758328EC3AF200598ACD /* AppDelegate.m in Sources */,
				970C759428EC3AF300598ACD /* main.m in Sources */,
				970C758628EC3AF200598ACD /* SceneDelegate.m in Sources */,
			);
			runOnlyForDeploymentPostprocessing = 0;
		};
/* End PBXSourcesBuildPhase section */

/* Begin PBXVariantGroup section */
		970C758A28EC3AF200598ACD /* Main.storyboard */ = {
			isa = PBXVariantGroup;
			children = (
				970C758B28EC3AF200598ACD /* Base */,
			);
			name = Main.storyboard;
			sourceTree = "<group>";
		};
		970C758F28EC3AF300598ACD /* LaunchScreen.storyboard */ = {
			isa = PBXVariantGroup;
			children = (
				970C759028EC3AF300598ACD /* Base */,
			);
			name = LaunchScreen.storyboard;
			sourceTree = "<group>";
		};
/* End PBXVariantGroup section */

/* Begin XCBuildConfiguration section */
		970C759528EC3AF300598ACD /* Debug */ = {
			isa = XCBuildConfiguration;
			buildSettings = {
				ALWAYS_SEARCH_USER_PATHS = NO;
				CLANG_ANALYZER_NONNULL = YES;
				CLANG_ANALYZER_NUMBER_OBJECT_CONVERSION = YES_AGGRESSIVE;
				CLANG_CXX_LANGUAGE_STANDARD = "gnu++20";
				CLANG_ENABLE_MODULES = YES;
				CLANG_ENABLE_OBJC_ARC = YES;
				CLANG_ENABLE_OBJC_WEAK = YES;
				CLANG_WARN_BLOCK_CAPTURE_AUTORELEASING = YES;
				CLANG_WARN_BOOL_CONVERSION = YES;
				CLANG_WARN_COMMA = YES;
				CLANG_WARN_CONSTANT_CONVERSION = YES;
				CLANG_WARN_DEPRECATED_OBJC_IMPLEMENTATIONS = YES;
				CLANG_WARN_DIRECT_OBJC_ISA_USAGE = YES_ERROR;
				CLANG_WARN_DOCUMENTATION_COMMENTS = YES;
				CLANG_WARN_EMPTY_BODY = YES;
				CLANG_WARN_ENUM_CONVERSION = YES;
				CLANG_WARN_INFINITE_RECURSION = YES;
				CLANG_WARN_INT_CONVERSION = YES;
				CLANG_WARN_NON_LITERAL_NULL_CONVERSION = YES;
				CLANG_WARN_OBJC_IMPLICIT_RETAIN_SELF = YES;
				CLANG_WARN_OBJC_LITERAL_CONVERSION = YES;
				CLANG_WARN_OBJC_ROOT_CLASS = YES_ERROR;
				CLANG_WARN_QUOTED_INCLUDE_IN_FRAMEWORK_HEADER = YES;
				CLANG_WARN_RANGE_LOOP_ANALYSIS = YES;
				CLANG_WARN_STRICT_PROTOTYPES = YES;
				CLANG_WARN_SUSPICIOUS_MOVE = YES;
				CLANG_WARN_UNGUARDED_AVAILABILITY = YES_AGGRESSIVE;
				CLANG_WARN_UNREACHABLE_CODE = YES;
				CLANG_WARN__DUPLICATE_METHOD_MATCH = YES;
				COPY_PHASE_STRIP = NO;
				DEBUG_INFORMATION_FORMAT = dwarf;
				ENABLE_STRICT_OBJC_MSGSEND = YES;
				ENABLE_TESTABILITY = YES;
				GCC_C_LANGUAGE_STANDARD = gnu11;
				GCC_DYNAMIC_NO_PIC = NO;
				GCC_NO_COMMON_BLOCKS = YES;
				GCC_OPTIMIZATION_LEVEL = 0;
				GCC_PREPROCESSOR_DEFINITIONS = (
					"DEBUG=1",
					"$(inherited)",
				);
				GCC_WARN_64_TO_32_BIT_CONVERSION = YES;
				GCC_WARN_ABOUT_RETURN_TYPE = YES_ERROR;
				GCC_WARN_UNDECLARED_SELECTOR = YES;
				GCC_WARN_UNINITIALIZED_AUTOS = YES_AGGRESSIVE;
				GCC_WARN_UNUSED_FUNCTION = YES;
				GCC_WARN_UNUSED_VARIABLE = YES;
				IPHONEOS_DEPLOYMENT_TARGET = 16.0;
				MTL_ENABLE_DEBUG_INFO = INCLUDE_SOURCE;
				MTL_FAST_MATH = YES;
				ONLY_ACTIVE_ARCH = YES;
				SDKROOT = iphoneos;
			};
			name = Debug;
		};
		970C759628EC3AF300598ACD /* Release */ = {
			isa = XCBuildConfiguration;
			buildSettings = {
				ALWAYS_SEARCH_USER_PATHS = NO;
				CLANG_ANALYZER_NONNULL = YES;
				CLANG_ANALYZER_NUMBER_OBJECT_CONVERSION = YES_AGGRESSIVE;
				CLANG_CXX_LANGUAGE_STANDARD = "gnu++20";
				CLANG_ENABLE_MODULES = YES;
				CLANG_ENABLE_OBJC_ARC = YES;
				CLANG_ENABLE_OBJC_WEAK = YES;
				CLANG_WARN_BLOCK_CAPTURE_AUTORELEASING = YES;
				CLANG_WARN_BOOL_CONVERSION = YES;
				CLANG_WARN_COMMA = YES;
				CLANG_WARN_CONSTANT_CONVERSION = YES;
				CLANG_WARN_DEPRECATED_OBJC_IMPLEMENTATIONS = YES;
				CLANG_WARN_DIRECT_OBJC_ISA_USAGE = YES_ERROR;
				CLANG_WARN_DOCUMENTATION_COMMENTS = YES;
				CLANG_WARN_EMPTY_BODY = YES;
				CLANG_WARN_ENUM_CONVERSION = YES;
				CLANG_WARN_INFINITE_RECURSION = YES;
				CLANG_WARN_INT_CONVERSION = YES;
				CLANG_WARN_NON_LITERAL_NULL_CONVERSION = YES;
				CLANG_WARN_OBJC_IMPLICIT_RETAIN_SELF = YES;
				CLANG_WARN_OBJC_LITERAL_CONVERSION = YES;
				CLANG_WARN_OBJC_ROOT_CLASS = YES_ERROR;
				CLANG_WARN_QUOTED_INCLUDE_IN_FRAMEWORK_HEADER = YES;
				CLANG_WARN_RANGE_LOOP_ANALYSIS = YES;
				CLANG_WARN_STRICT_PROTOTYPES = YES;
				CLANG_WARN_SUSPICIOUS_MOVE = YES;
				CLANG_WARN_UNGUARDED_AVAILABILITY = YES_AGGRESSIVE;
				CLANG_WARN_UNREACHABLE_CODE = YES;
				CLANG_WARN__DUPLICATE_METHOD_MATCH = YES;
				COPY_PHASE_STRIP = NO;
				DEBUG_INFORMATION_FORMAT = "dwarf-with-dsym";
				ENABLE_NS_ASSERTIONS = NO;
				ENABLE_STRICT_OBJC_MSGSEND = YES;
				GCC_C_LANGUAGE_STANDARD = gnu11;
				GCC_NO_COMMON_BLOCKS = YES;
				GCC_WARN_64_TO_32_BIT_CONVERSION = YES;
				GCC_WARN_ABOUT_RETURN_TYPE = YES_ERROR;
				GCC_WARN_UNDECLARED_SELECTOR = YES;
				GCC_WARN_UNINITIALIZED_AUTOS = YES_AGGRESSIVE;
				GCC_WARN_UNUSED_FUNCTION = YES;
				GCC_WARN_UNUSED_VARIABLE = YES;
				IPHONEOS_DEPLOYMENT_TARGET = 16.0;
				MTL_ENABLE_DEBUG_INFO = NO;
				MTL_FAST_MATH = YES;
				SDKROOT = iphoneos;
				VALIDATE_PRODUCT = YES;
			};
			name = Release;
		};
		970C759828EC3AF300598ACD /* Debug */ = {
			isa = XCBuildConfiguration;
			buildSettings = {
				ASSETCATALOG_COMPILER_APPICON_NAME = AppIcon;
				ASSETCATALOG_COMPILER_GLOBAL_ACCENT_COLOR_NAME = AccentColor;
				CLANG_ENABLE_MODULES = YES;
				CODE_SIGN_STYLE = Automatic;
				CURRENT_PROJECT_VERSION = 1;
				GENERATE_INFOPLIST_FILE = YES;
				INFOPLIST_FILE = StripeTest/Info.plist;
				INFOPLIST_KEY_UIApplicationSupportsIndirectInputEvents = YES;
				INFOPLIST_KEY_UILaunchStoryboardName = LaunchScreen;
				INFOPLIST_KEY_UIMainStoryboardFile = Main;
				INFOPLIST_KEY_UISupportedInterfaceOrientations_iPad = "UIInterfaceOrientationPortrait UIInterfaceOrientationPortraitUpsideDown UIInterfaceOrientationLandscapeLeft UIInterfaceOrientationLandscapeRight";
				INFOPLIST_KEY_UISupportedInterfaceOrientations_iPhone = "UIInterfaceOrientationPortrait UIInterfaceOrientationLandscapeLeft UIInterfaceOrientationLandscapeRight";
				LD_RUNPATH_SEARCH_PATHS = (
					"$(inherited)",
					"@executable_path/Frameworks",
				);
				MARKETING_VERSION = 1.0;
				PRODUCT_BUNDLE_IDENTIFIER = com.jackgmarch.StripeTest;
				PRODUCT_NAME = "$(TARGET_NAME)";
				SWIFT_EMIT_LOC_STRINGS = YES;
				SWIFT_OBJC_BRIDGING_HEADER = "StripeTest/StripeTest-Bridging-Header.h";
				SWIFT_OPTIMIZATION_LEVEL = "-Onone";
				SWIFT_VERSION = 5.0;
				TARGETED_DEVICE_FAMILY = "1,2";
			};
			name = Debug;
		};
		970C759928EC3AF300598ACD /* Release */ = {
			isa = XCBuildConfiguration;
			buildSettings = {
				ASSETCATALOG_COMPILER_APPICON_NAME = AppIcon;
				ASSETCATALOG_COMPILER_GLOBAL_ACCENT_COLOR_NAME = AccentColor;
				CLANG_ENABLE_MODULES = YES;
				CODE_SIGN_STYLE = Automatic;
				CURRENT_PROJECT_VERSION = 1;
				GENERATE_INFOPLIST_FILE = YES;
				INFOPLIST_FILE = StripeTest/Info.plist;
				INFOPLIST_KEY_UIApplicationSupportsIndirectInputEvents = YES;
				INFOPLIST_KEY_UILaunchStoryboardName = LaunchScreen;
				INFOPLIST_KEY_UIMainStoryboardFile = Main;
				INFOPLIST_KEY_UISupportedInterfaceOrientations_iPad = "UIInterfaceOrientationPortrait UIInterfaceOrientationPortraitUpsideDown UIInterfaceOrientationLandscapeLeft UIInterfaceOrientationLandscapeRight";
				INFOPLIST_KEY_UISupportedInterfaceOrientations_iPhone = "UIInterfaceOrientationPortrait UIInterfaceOrientationLandscapeLeft UIInterfaceOrientationLandscapeRight";
				LD_RUNPATH_SEARCH_PATHS = (
					"$(inherited)",
					"@executable_path/Frameworks",
				);
				MARKETING_VERSION = 1.0;
				PRODUCT_BUNDLE_IDENTIFIER = com.jackgmarch.StripeTest;
				PRODUCT_NAME = "$(TARGET_NAME)";
				SWIFT_EMIT_LOC_STRINGS = YES;
				SWIFT_OBJC_BRIDGING_HEADER = "StripeTest/StripeTest-Bridging-Header.h";
				SWIFT_VERSION = 5.0;
				TARGETED_DEVICE_FAMILY = "1,2";
			};
			name = Release;
		};
/* End XCBuildConfiguration section */

/* Begin XCConfigurationList section */
		970C757928EC3AF200598ACD /* Build configuration list for PBXProject "StripeTest" */ = {
			isa = XCConfigurationList;
			buildConfigurations = (
				970C759528EC3AF300598ACD /* Debug */,
				970C759628EC3AF300598ACD /* Release */,
			);
			defaultConfigurationIsVisible = 0;
			defaultConfigurationName = Release;
		};
		970C759728EC3AF300598ACD /* Build configuration list for PBXNativeTarget "StripeTest" */ = {
			isa = XCConfigurationList;
			buildConfigurations = (
				970C759828EC3AF300598ACD /* Debug */,
				970C759928EC3AF300598ACD /* Release */,
			);
			defaultConfigurationIsVisible = 0;
			defaultConfigurationName = Release;
		};
/* End XCConfigurationList section */

/* Begin XCRemoteSwiftPackageReference section */
		970C759A28EC3B1800598ACD /* XCRemoteSwiftPackageReference "stripe-ios" */ = {
			isa = XCRemoteSwiftPackageReference;
			repositoryURL = "https://github.com/stripe/stripe-ios";
			requirement = {
				kind = upToNextMajorVersion;
				minimumVersion = 22.0.0;
			};
		};
/* End XCRemoteSwiftPackageReference section */

/* Begin XCSwiftPackageProductDependency section */
		970C759B28EC3B1800598ACD /* Stripe */ = {
			isa = XCSwiftPackageProductDependency;
			package = 970C759A28EC3B1800598ACD /* XCRemoteSwiftPackageReference "stripe-ios" */;
			productName = Stripe;
		};
/* End XCSwiftPackageProductDependency section */
	};
	rootObject = 970C757628EC3AF200598ACD /* Project object */;
}
